// !$*UTF8*$!
{
	archiveVersion = 1;
	classes = {
	};
	objectVersion = 90;
	objects = {

/* Begin PBXBuildFile section */
		372327102D1FF69D002CFAF4 /* GGSMessage.cpp in Sources */ = {isa = PBXBuildFile; fileRef = 372326DF2D1FF69D002CFAF4 /* GGSMessage.cpp */; };
		372327112D1FF69D002CFAF4 /* GGSObjects.cpp in Sources */ = {isa = PBXBuildFile; fileRef = 372326E12D1FF69D002CFAF4 /* GGSObjects.cpp */; };
		372327122D1FF69D002CFAF4 /* ggsstream.cpp in Sources */ = {isa = PBXBuildFile; fileRef = 372326E32D1FF69D002CFAF4 /* ggsstream.cpp */; };
		372327132D1FF69D002CFAF4 /* ODKStream.cpp in Sources */ = {isa = PBXBuildFile; fileRef = 372326E52D1FF69D002CFAF4 /* ODKStream.cpp */; };
		372327142D1FF69D002CFAF4 /* OsMessage.cpp in Sources */ = {isa = PBXBuildFile; fileRef = 372326E72D1FF69D002CFAF4 /* OsMessage.cpp */; };
		372327152D1FF69D002CFAF4 /* OsObjects.cpp in Sources */ = {isa = PBXBuildFile; fileRef = 372326E92D1FF69D002CFAF4 /* OsObjects.cpp */; };
		372327162D1FF69D002CFAF4 /* sockbuf.cpp in Sources */ = {isa = PBXBuildFile; fileRef = 372326EB2D1FF69D002CFAF4 /* sockbuf.cpp */; };
		372327172D1FF69D002CFAF4 /* RXBBCountFlips.cpp in Sources */ = {isa = PBXBuildFile; fileRef = 372326EE2D1FF69D002CFAF4 /* RXBBCountFlips.cpp */; };
		372327182D1FF69D002CFAF4 /* RXBBCountFlips_NEON_Edax.cpp in Sources */ = {isa = PBXBuildFile; fileRef = 372326EF2D1FF69D002CFAF4 /* RXBBCountFlips_NEON_Edax.cpp */; };
		372327192D1FF69D002CFAF4 /* RXBBDoFlips.cpp in Sources */ = {isa = PBXBuildFile; fileRef = 372326F02D1FF69D002CFAF4 /* RXBBDoFlips.cpp */; };
		3723271A2D1FF69D002CFAF4 /* RXBBDoFlips_NEON_Edax.cpp in Sources */ = {isa = PBXBuildFile; fileRef = 372326F12D1FF69D002CFAF4 /* RXBBDoFlips_NEON_Edax.cpp */; };
		3723271B2D1FF69D002CFAF4 /* RXBBGenerateFlips.cpp in Sources */ = {isa = PBXBuildFile; fileRef = 372326F22D1FF69D002CFAF4 /* RXBBGenerateFlips.cpp */; };
		3723271C2D1FF69D002CFAF4 /* RXBBGenerateFlips_NEON_Edax.cpp in Sources */ = {isa = PBXBuildFile; fileRef = 372326F32D1FF69D002CFAF4 /* RXBBGenerateFlips_NEON_Edax.cpp */; };
		3723271D2D1FF69D002CFAF4 /* RXBBPatterns.cpp in Sources */ = {isa = PBXBuildFile; fileRef = 372326F52D1FF69D002CFAF4 /* RXBBPatterns.cpp */; };
		3723271E2D1FF69D002CFAF4 /* RXBitBoard.cpp in Sources */ = {isa = PBXBuildFile; fileRef = 372326F72D1FF69D002CFAF4 /* RXBitBoard.cpp */; };
		3723271F2D1FF69D002CFAF4 /* RXEndGame.cpp in Sources */ = {isa = PBXBuildFile; fileRef = 372326F92D1FF69D002CFAF4 /* RXEndGame.cpp */; };
		372327202D1FF69D002CFAF4 /* RXEngine.cpp in Sources */ = {isa = PBXBuildFile; fileRef = 372326FB2D1FF69D002CFAF4 /* RXEngine.cpp */; };
		372327212D1FF69D002CFAF4 /* RXEvaluation.cpp in Sources */ = {isa = PBXBuildFile; fileRef = 372326FD2D1FF69D002CFAF4 /* RXEvaluation.cpp */; };
		372327222D1FF69D002CFAF4 /* RXHashShallow.cpp in Sources */ = {isa = PBXBuildFile; fileRef = 372326FF2D1FF69D002CFAF4 /* RXHashShallow.cpp */; };
		372327232D1FF69D002CFAF4 /* RXHashTable.cpp in Sources */ = {isa = PBXBuildFile; fileRef = 372327012D1FF69D002CFAF4 /* RXHashTable.cpp */; };
		372327242D1FF69D002CFAF4 /* RXMidGame.cpp in Sources */ = {isa = PBXBuildFile; fileRef = 372327032D1FF69D002CFAF4 /* RXMidGame.cpp */; };
		372327252D1FF69D002CFAF4 /* RXMove.cpp in Sources */ = {isa = PBXBuildFile; fileRef = 372327052D1FF69D002CFAF4 /* RXMove.cpp */; };
		372327262D1FF69D002CFAF4 /* RXRoxane.cpp in Sources */ = {isa = PBXBuildFile; fileRef = 372327082D1FF69D002CFAF4 /* RXRoxane.cpp */; };
		372327272D1FF69D002CFAF4 /* RXSearch.cpp in Sources */ = {isa = PBXBuildFile; fileRef = 3723270A2D1FF69D002CFAF4 /* RXSearch.cpp */; };
		372327282D1FF69D002CFAF4 /* main.cpp in Sources */ = {isa = PBXBuildFile; fileRef = 3723270E2D1FF69D002CFAF4 /* main.cpp */; };
/* End PBXBuildFile section */

/* Begin PBXCopyFilesBuildPhase section */
		371D4D5E2D1EBFBA0072E829 /* CopyFiles */ = {
			isa = PBXCopyFilesBuildPhase;
			dstPath = /usr/share/man/man1/;
			dstSubfolder = None;
			files = (
			);
			runOnlyForDeploymentPostprocessing = 1;
		};
/* End PBXCopyFilesBuildPhase section */

/* Begin PBXFileReference section */
		372326DE2D1FF69D002CFAF4 /* GGSMessage.hpp */ = {isa = PBXFileReference; lastKnownFileType = sourcecode.cpp.h; path = GGSMessage.hpp; sourceTree = "<group>"; };
		372326DF2D1FF69D002CFAF4 /* GGSMessage.cpp */ = {isa = PBXFileReference; lastKnownFileType = sourcecode.cpp.cpp; path = GGSMessage.cpp; sourceTree = "<group>"; };
		372326E02D1FF69D002CFAF4 /* GGSObjects.hpp */ = {isa = PBXFileReference; lastKnownFileType = sourcecode.cpp.h; path = GGSObjects.hpp; sourceTree = "<group>"; };
		372326E12D1FF69D002CFAF4 /* GGSObjects.cpp */ = {isa = PBXFileReference; lastKnownFileType = sourcecode.cpp.cpp; path = GGSObjects.cpp; sourceTree = "<group>"; };
		372326E22D1FF69D002CFAF4 /* ggsstream.hpp */ = {isa = PBXFileReference; lastKnownFileType = sourcecode.cpp.h; path = ggsstream.hpp; sourceTree = "<group>"; };
		372326E32D1FF69D002CFAF4 /* ggsstream.cpp */ = {isa = PBXFileReference; lastKnownFileType = sourcecode.cpp.cpp; path = ggsstream.cpp; sourceTree = "<group>"; };
		372326E42D1FF69D002CFAF4 /* ODKStream.hpp */ = {isa = PBXFileReference; lastKnownFileType = sourcecode.cpp.h; path = ODKStream.hpp; sourceTree = "<group>"; };
		372326E52D1FF69D002CFAF4 /* ODKStream.cpp */ = {isa = PBXFileReference; lastKnownFileType = sourcecode.cpp.cpp; path = ODKStream.cpp; sourceTree = "<group>"; };
		372326E62D1FF69D002CFAF4 /* OsMessage.hpp */ = {isa = PBXFileReference; lastKnownFileType = sourcecode.cpp.h; path = OsMessage.hpp; sourceTree = "<group>"; };
		372326E72D1FF69D002CFAF4 /* OsMessage.cpp */ = {isa = PBXFileReference; lastKnownFileType = sourcecode.cpp.cpp; path = OsMessage.cpp; sourceTree = "<group>"; };
		372326E82D1FF69D002CFAF4 /* OsObjects.hpp */ = {isa = PBXFileReference; lastKnownFileType = sourcecode.cpp.h; path = OsObjects.hpp; sourceTree = "<group>"; };
		372326E92D1FF69D002CFAF4 /* OsObjects.cpp */ = {isa = PBXFileReference; lastKnownFileType = sourcecode.cpp.cpp; path = OsObjects.cpp; sourceTree = "<group>"; };
		372326EA2D1FF69D002CFAF4 /* sockbuf.hpp */ = {isa = PBXFileReference; lastKnownFileType = sourcecode.cpp.h; path = sockbuf.hpp; sourceTree = "<group>"; };
		372326EB2D1FF69D002CFAF4 /* sockbuf.cpp */ = {isa = PBXFileReference; lastKnownFileType = sourcecode.cpp.cpp; path = sockbuf.cpp; sourceTree = "<group>"; };
		372326EC2D1FF69D002CFAF4 /* types.hpp */ = {isa = PBXFileReference; lastKnownFileType = sourcecode.cpp.h; path = types.hpp; sourceTree = "<group>"; };
		372326EE2D1FF69D002CFAF4 /* RXBBCountFlips.cpp */ = {isa = PBXFileReference; lastKnownFileType = sourcecode.cpp.cpp; path = RXBBCountFlips.cpp; sourceTree = "<group>"; };
		372326EF2D1FF69D002CFAF4 /* RXBBCountFlips_NEON_Edax.cpp */ = {isa = PBXFileReference; lastKnownFileType = sourcecode.cpp.cpp; path = RXBBCountFlips_NEON_Edax.cpp; sourceTree = "<group>"; };
		372326F02D1FF69D002CFAF4 /* RXBBDoFlips.cpp */ = {isa = PBXFileReference; lastKnownFileType = sourcecode.cpp.cpp; path = RXBBDoFlips.cpp; sourceTree = "<group>"; };
		372326F12D1FF69D002CFAF4 /* RXBBDoFlips_NEON_Edax.cpp */ = {isa = PBXFileReference; lastKnownFileType = sourcecode.cpp.cpp; path = RXBBDoFlips_NEON_Edax.cpp; sourceTree = "<group>"; };
		372326F22D1FF69D002CFAF4 /* RXBBGenerateFlips.cpp */ = {isa = PBXFileReference; lastKnownFileType = sourcecode.cpp.cpp; path = RXBBGenerateFlips.cpp; sourceTree = "<group>"; };
		372326F32D1FF69D002CFAF4 /* RXBBGenerateFlips_NEON_Edax.cpp */ = {isa = PBXFileReference; lastKnownFileType = sourcecode.cpp.cpp; path = RXBBGenerateFlips_NEON_Edax.cpp; sourceTree = "<group>"; };
		372326F42D1FF69D002CFAF4 /* RXBBPatterns.hpp */ = {isa = PBXFileReference; lastKnownFileType = sourcecode.cpp.h; path = RXBBPatterns.hpp; sourceTree = "<group>"; };
		372326F52D1FF69D002CFAF4 /* RXBBPatterns.cpp */ = {isa = PBXFileReference; lastKnownFileType = sourcecode.cpp.cpp; path = RXBBPatterns.cpp; sourceTree = "<group>"; };
		372326F62D1FF69D002CFAF4 /* RXBitBoard.hpp */ = {isa = PBXFileReference; lastKnownFileType = sourcecode.cpp.h; path = RXBitBoard.hpp; sourceTree = "<group>"; usesTabs = 0; };
		372326F72D1FF69D002CFAF4 /* RXBitBoard.cpp */ = {isa = PBXFileReference; lastKnownFileType = sourcecode.cpp.cpp; path = RXBitBoard.cpp; sourceTree = "<group>"; };
		372326F82D1FF69D002CFAF4 /* RXConstantes.hpp */ = {isa = PBXFileReference; lastKnownFileType = sourcecode.cpp.h; path = RXConstantes.hpp; sourceTree = "<group>"; };
		372326F92D1FF69D002CFAF4 /* RXEndGame.cpp */ = {isa = PBXFileReference; lastKnownFileType = sourcecode.cpp.cpp; path = RXEndGame.cpp; sourceTree = "<group>"; };
		372326FA2D1FF69D002CFAF4 /* RXEngine.hpp */ = {isa = PBXFileReference; lastKnownFileType = sourcecode.cpp.h; path = RXEngine.hpp; sourceTree = "<group>"; };
		372326FB2D1FF69D002CFAF4 /* RXEngine.cpp */ = {isa = PBXFileReference; lastKnownFileType = sourcecode.cpp.cpp; path = RXEngine.cpp; sourceTree = "<group>"; };
		372326FC2D1FF69D002CFAF4 /* RXEvaluation.hpp */ = {isa = PBXFileReference; lastKnownFileType = sourcecode.cpp.h; path = RXEvaluation.hpp; sourceTree = "<group>"; };
		372326FD2D1FF69D002CFAF4 /* RXEvaluation.cpp */ = {isa = PBXFileReference; lastKnownFileType = sourcecode.cpp.cpp; path = RXEvaluation.cpp; sourceTree = "<group>"; };
		372326FE2D1FF69D002CFAF4 /* RXHashShallow.hpp */ = {isa = PBXFileReference; lastKnownFileType = sourcecode.cpp.h; path = RXHashShallow.hpp; sourceTree = "<group>"; };
		372326FF2D1FF69D002CFAF4 /* RXHashShallow.cpp */ = {isa = PBXFileReference; lastKnownFileType = sourcecode.cpp.cpp; path = RXHashShallow.cpp; sourceTree = "<group>"; };
		372327002D1FF69D002CFAF4 /* RXHashTable.hpp */ = {isa = PBXFileReference; lastKnownFileType = sourcecode.cpp.h; path = RXHashTable.hpp; sourceTree = "<group>"; };
		372327012D1FF69D002CFAF4 /* RXHashTable.cpp */ = {isa = PBXFileReference; lastKnownFileType = sourcecode.cpp.cpp; path = RXHashTable.cpp; sourceTree = "<group>"; };
		372327022D1FF69D002CFAF4 /* RXHelper.hpp */ = {isa = PBXFileReference; lastKnownFileType = sourcecode.cpp.h; path = RXHelper.hpp; sourceTree = "<group>"; };
		372327032D1FF69D002CFAF4 /* RXMidGame.cpp */ = {isa = PBXFileReference; lastKnownFileType = sourcecode.cpp.cpp; path = RXMidGame.cpp; sourceTree = "<group>"; };
		372327042D1FF69D002CFAF4 /* RXMove.hpp */ = {isa = PBXFileReference; lastKnownFileType = sourcecode.cpp.h; path = RXMove.hpp; sourceTree = "<group>"; };
		372327052D1FF69D002CFAF4 /* RXMove.cpp */ = {isa = PBXFileReference; lastKnownFileType = sourcecode.cpp.cpp; path = RXMove.cpp; sourceTree = "<group>"; };
		372327062D1FF69D002CFAF4 /* RXPattern.hpp */ = {isa = PBXFileReference; lastKnownFileType = sourcecode.cpp.h; path = RXPattern.hpp; sourceTree = "<group>"; };
		372327072D1FF69D002CFAF4 /* RXRoxane.hpp */ = {isa = PBXFileReference; lastKnownFileType = sourcecode.cpp.h; path = RXRoxane.hpp; sourceTree = "<group>"; };
		372327082D1FF69D002CFAF4 /* RXRoxane.cpp */ = {isa = PBXFileReference; lastKnownFileType = sourcecode.cpp.cpp; path = RXRoxane.cpp; sourceTree = "<group>"; };
		372327092D1FF69D002CFAF4 /* RXSearch.hpp */ = {isa = PBXFileReference; lastKnownFileType = sourcecode.cpp.h; path = RXSearch.hpp; sourceTree = "<group>"; };
		3723270A2D1FF69D002CFAF4 /* RXSearch.cpp */ = {isa = PBXFileReference; lastKnownFileType = sourcecode.cpp.cpp; path = RXSearch.cpp; sourceTree = "<group>"; };
		3723270B2D1FF69D002CFAF4 /* RXSquareList.hpp */ = {isa = PBXFileReference; lastKnownFileType = sourcecode.cpp.h; path = RXSquareList.hpp; sourceTree = "<group>"; };
		3723270C2D1FF69D002CFAF4 /* RXTools.hpp */ = {isa = PBXFileReference; lastKnownFileType = sourcecode.cpp.h; path = RXTools.hpp; sourceTree = "<group>"; };
		3723270E2D1FF69D002CFAF4 /* main.cpp */ = {isa = PBXFileReference; lastKnownFileType = sourcecode.cpp.cpp; path = main.cpp; sourceTree = "<group>"; };
		37BF368B2E266CBC0029C7F6 /* Roxane */ = {isa = PBXFileReference; explicitFileType = "compiled.mach-o.executable"; includeInIndex = 0; path = Roxane; sourceTree = BUILT_PRODUCTS_DIR; };
		37BF368C2E268CDC0029C7F6 /* RXSetting.hpp */ = {isa = PBXFileReference; lastKnownFileType = sourcecode.cpp.h; path = RXSetting.hpp; sourceTree = "<group>"; };
		37C2DE1E2D1F0B4100B93DBD /* Roxane.profdata */ = {isa = PBXFileReference; lastKnownFileType = file; path = Roxane.profdata; sourceTree = "<group>"; };
/* End PBXFileReference section */

/* Begin PBXFrameworksBuildPhase section */
		371D4D5D2D1EBFBA0072E829 /* Frameworks */ = {
			isa = PBXFrameworksBuildPhase;
			files = (
			);
		};
/* End PBXFrameworksBuildPhase section */

/* Begin PBXGroup section */
		371D4D572D1EBFBA0072E829 = {
			isa = PBXGroup;
			children = (
				3723270F2D1FF69D002CFAF4 /* Roxane */,
				371D4D612D1EBFBA0072E829 /* Products */,
				37C2DE1F2D1F0B4100B93DBD /* OptimizationProfiles */,
			);
			sourceTree = "<group>";
		};
		371D4D612D1EBFBA0072E829 /* Products */ = {
			isa = PBXGroup;
			children = (
				37BF368B2E266CBC0029C7F6 /* Roxane */,
			);
			name = Products;
			sourceTree = "<group>";
		};
		372326ED2D1FF69D002CFAF4 /* GGS Client */ = {
			isa = PBXGroup;
			children = (
				372326DE2D1FF69D002CFAF4 /* GGSMessage.hpp */,
				372326DF2D1FF69D002CFAF4 /* GGSMessage.cpp */,
				372326E02D1FF69D002CFAF4 /* GGSObjects.hpp */,
				372326E12D1FF69D002CFAF4 /* GGSObjects.cpp */,
				372326E22D1FF69D002CFAF4 /* ggsstream.hpp */,
				372326E32D1FF69D002CFAF4 /* ggsstream.cpp */,
				372326E42D1FF69D002CFAF4 /* ODKStream.hpp */,
				372326E52D1FF69D002CFAF4 /* ODKStream.cpp */,
				372326E62D1FF69D002CFAF4 /* OsMessage.hpp */,
				372326E72D1FF69D002CFAF4 /* OsMessage.cpp */,
				372326E82D1FF69D002CFAF4 /* OsObjects.hpp */,
				372326E92D1FF69D002CFAF4 /* OsObjects.cpp */,
				372326EA2D1FF69D002CFAF4 /* sockbuf.hpp */,
				372326EB2D1FF69D002CFAF4 /* sockbuf.cpp */,
				372326EC2D1FF69D002CFAF4 /* types.hpp */,
			);
			path = "GGS Client";
			sourceTree = "<group>";
		};
		3723270D2D1FF69D002CFAF4 /* RXRoxane */ = {
			isa = PBXGroup;
			children = (
				3723270C2D1FF69D002CFAF4 /* RXTools.hpp */,
				372326F82D1FF69D002CFAF4 /* RXConstantes.hpp */,
				37BF368C2E268CDC0029C7F6 /* RXSetting.hpp */,
				3723270B2D1FF69D002CFAF4 /* RXSquareList.hpp */,
				372327062D1FF69D002CFAF4 /* RXPattern.hpp */,
				372326F42D1FF69D002CFAF4 /* RXBBPatterns.hpp */,
				372326F52D1FF69D002CFAF4 /* RXBBPatterns.cpp */,
				372327092D1FF69D002CFAF4 /* RXSearch.hpp */,
				3723270A2D1FF69D002CFAF4 /* RXSearch.cpp */,
				372327072D1FF69D002CFAF4 /* RXRoxane.hpp */,
				372327082D1FF69D002CFAF4 /* RXRoxane.cpp */,
				372327022D1FF69D002CFAF4 /* RXHelper.hpp */,
				372326FA2D1FF69D002CFAF4 /* RXEngine.hpp */,
				372326FB2D1FF69D002CFAF4 /* RXEngine.cpp */,
				372327032D1FF69D002CFAF4 /* RXMidGame.cpp */,
				372326F92D1FF69D002CFAF4 /* RXEndGame.cpp */,
				372326F62D1FF69D002CFAF4 /* RXBitBoard.hpp */,
				372326F72D1FF69D002CFAF4 /* RXBitBoard.cpp */,
				372326F02D1FF69D002CFAF4 /* RXBBDoFlips.cpp */,
				372326F12D1FF69D002CFAF4 /* RXBBDoFlips_NEON_Edax.cpp */,
				372326EE2D1FF69D002CFAF4 /* RXBBCountFlips.cpp */,
				372326EF2D1FF69D002CFAF4 /* RXBBCountFlips_NEON_Edax.cpp */,
				372326F22D1FF69D002CFAF4 /* RXBBGenerateFlips.cpp */,
				372326F32D1FF69D002CFAF4 /* RXBBGenerateFlips_NEON_Edax.cpp */,
				372326FC2D1FF69D002CFAF4 /* RXEvaluation.hpp */,
				372326FD2D1FF69D002CFAF4 /* RXEvaluation.cpp */,
				372327002D1FF69D002CFAF4 /* RXHashTable.hpp */,
				372327012D1FF69D002CFAF4 /* RXHashTable.cpp */,
				372326FE2D1FF69D002CFAF4 /* RXHashShallow.hpp */,
				372326FF2D1FF69D002CFAF4 /* RXHashShallow.cpp */,
				372327042D1FF69D002CFAF4 /* RXMove.hpp */,
				372327052D1FF69D002CFAF4 /* RXMove.cpp */,
			);
			path = RXRoxane;
			sourceTree = "<group>";
		};
		3723270F2D1FF69D002CFAF4 /* Roxane */ = {
			isa = PBXGroup;
			children = (
				372326ED2D1FF69D002CFAF4 /* GGS Client */,
				3723270D2D1FF69D002CFAF4 /* RXRoxane */,
				3723270E2D1FF69D002CFAF4 /* main.cpp */,
			);
			path = Roxane;
			sourceTree = "<group>";
		};
		37C2DE1F2D1F0B4100B93DBD /* OptimizationProfiles */ = {
			isa = PBXGroup;
			children = (
				37C2DE1E2D1F0B4100B93DBD /* Roxane.profdata */,
			);
			path = OptimizationProfiles;
			sourceTree = "<group>";
		};
/* End PBXGroup section */

/* Begin PBXNativeTarget section */
		371D4D5F2D1EBFBA0072E829 /* Roxane */ = {
			isa = PBXNativeTarget;
			buildConfigurationList = 371D4D672D1EBFBA0072E829 /* Build configuration list for PBXNativeTarget "Roxane" */;
			buildPhases = (
				371D4D5C2D1EBFBA0072E829 /* Sources */,
				371D4D5D2D1EBFBA0072E829 /* Frameworks */,
				371D4D5E2D1EBFBA0072E829 /* CopyFiles */,
			);
			buildRules = (
			);
			name = Roxane;
			productName = Roxane;
			productReference = 37BF368B2E266CBC0029C7F6 /* Roxane */;
			productType = "com.apple.product-type.tool";
		};
/* End PBXNativeTarget section */

/* Begin PBXProject section */
		371D4D582D1EBFBA0072E829 /* Project object */ = {
			isa = PBXProject;
			attributes = {
				BuildIndependentTargetsInParallel = 1;
				LastUpgradeCheck = 1630;
				TargetAttributes = {
					371D4D5F2D1EBFBA0072E829 = {
						CreatedOnToolsVersion = 16.2;
					};
				};
			};
			buildConfigurationList = 371D4D5B2D1EBFBA0072E829 /* Build configuration list for PBXProject "Roxane" */;
			developmentRegion = en;
			hasScannedForEncodings = 0;
			knownRegions = (
				en,
				Base,
			);
			mainGroup = 371D4D572D1EBFBA0072E829;
			minimizedProjectReferenceProxies = 1;
			preferredProjectObjectVersion = 90;
			productRefGroup = 371D4D612D1EBFBA0072E829 /* Products */;
			projectDirPath = "";
			projectRoot = "";
			targets = (
				371D4D5F2D1EBFBA0072E829 /* Roxane */,
			);
		};
/* End PBXProject section */

/* Begin PBXSourcesBuildPhase section */
		371D4D5C2D1EBFBA0072E829 /* Sources */ = {
			isa = PBXSourcesBuildPhase;
			files = (
				372327102D1FF69D002CFAF4 /* GGSMessage.cpp in Sources */,
				372327112D1FF69D002CFAF4 /* GGSObjects.cpp in Sources */,
				372327122D1FF69D002CFAF4 /* ggsstream.cpp in Sources */,
				372327132D1FF69D002CFAF4 /* ODKStream.cpp in Sources */,
				372327142D1FF69D002CFAF4 /* OsMessage.cpp in Sources */,
				372327152D1FF69D002CFAF4 /* OsObjects.cpp in Sources */,
				372327162D1FF69D002CFAF4 /* sockbuf.cpp in Sources */,
				372327172D1FF69D002CFAF4 /* RXBBCountFlips.cpp in Sources */,
				372327182D1FF69D002CFAF4 /* RXBBCountFlips_NEON_Edax.cpp in Sources */,
				372327192D1FF69D002CFAF4 /* RXBBDoFlips.cpp in Sources */,
				3723271A2D1FF69D002CFAF4 /* RXBBDoFlips_NEON_Edax.cpp in Sources */,
				3723271B2D1FF69D002CFAF4 /* RXBBGenerateFlips.cpp in Sources */,
				3723271C2D1FF69D002CFAF4 /* RXBBGenerateFlips_NEON_Edax.cpp in Sources */,
				3723271D2D1FF69D002CFAF4 /* RXBBPatterns.cpp in Sources */,
				3723271E2D1FF69D002CFAF4 /* RXBitBoard.cpp in Sources */,
				3723271F2D1FF69D002CFAF4 /* RXEndGame.cpp in Sources */,
				372327202D1FF69D002CFAF4 /* RXEngine.cpp in Sources */,
				372327212D1FF69D002CFAF4 /* RXEvaluation.cpp in Sources */,
				372327222D1FF69D002CFAF4 /* RXHashShallow.cpp in Sources */,
				372327232D1FF69D002CFAF4 /* RXHashTable.cpp in Sources */,
				372327242D1FF69D002CFAF4 /* RXMidGame.cpp in Sources */,
				372327252D1FF69D002CFAF4 /* RXMove.cpp in Sources */,
				372327262D1FF69D002CFAF4 /* RXRoxane.cpp in Sources */,
				372327272D1FF69D002CFAF4 /* RXSearch.cpp in Sources */,
				372327282D1FF69D002CFAF4 /* main.cpp in Sources */,
			);
		};
/* End PBXSourcesBuildPhase section */

/* Begin XCBuildConfiguration section */
		371D4D652D1EBFBA0072E829 /* Debug configuration for PBXProject "Roxane" */ = {
			isa = XCBuildConfiguration;
			buildSettings = {
				ALWAYS_SEARCH_USER_PATHS = NO;
				ASSETCATALOG_COMPILER_GENERATE_SWIFT_ASSET_SYMBOL_EXTENSIONS = YES;
				CLANG_ANALYZER_NONNULL = YES;
				CLANG_ANALYZER_NUMBER_OBJECT_CONVERSION = YES_AGGRESSIVE;
				CLANG_CXX_LANGUAGE_STANDARD = "gnu++17";
				CLANG_ENABLE_MODULES = YES;
				CLANG_ENABLE_OBJC_ARC = YES;
				CLANG_ENABLE_OBJC_WEAK = YES;
				CLANG_TIDY_BUGPRONE_REDUNDANT_BRANCH_CONDITION = YES;
				CLANG_TIDY_MISC_REDUNDANT_EXPRESSION = YES;
				CLANG_USE_OPTIMIZATION_PROFILE = YES;
				CLANG_WARN_BLOCK_CAPTURE_AUTORELEASING = YES;
				CLANG_WARN_BOOL_CONVERSION = YES;
				CLANG_WARN_COMMA = YES;
				CLANG_WARN_CONSTANT_CONVERSION = YES;
				CLANG_WARN_DEPRECATED_OBJC_IMPLEMENTATIONS = YES;
				CLANG_WARN_DIRECT_OBJC_ISA_USAGE = YES_ERROR;
				CLANG_WARN_DOCUMENTATION_COMMENTS = YES;
				CLANG_WARN_EMPTY_BODY = YES;
				CLANG_WARN_ENUM_CONVERSION = YES;
				CLANG_WARN_INFINITE_RECURSION = YES;
				CLANG_WARN_INT_CONVERSION = YES;
				CLANG_WARN_NON_LITERAL_NULL_CONVERSION = YES;
				CLANG_WARN_OBJC_IMPLICIT_RETAIN_SELF = YES;
				CLANG_WARN_OBJC_LITERAL_CONVERSION = YES;
				CLANG_WARN_OBJC_ROOT_CLASS = YES_ERROR;
				CLANG_WARN_QUOTED_INCLUDE_IN_FRAMEWORK_HEADER = YES;
				CLANG_WARN_RANGE_LOOP_ANALYSIS = YES;
				CLANG_WARN_STRICT_PROTOTYPES = YES;
				CLANG_WARN_SUSPICIOUS_MOVE = YES;
				CLANG_WARN_UNGUARDED_AVAILABILITY = YES_AGGRESSIVE;
				CLANG_WARN_UNREACHABLE_CODE = YES;
				CLANG_WARN__DUPLICATE_METHOD_MATCH = YES;
				COPY_PHASE_STRIP = NO;
				DEAD_CODE_STRIPPING = YES;
				DEBUG_INFORMATION_FORMAT = dwarf;
				DEVELOPMENT_TEAM = 8NMHAARH6Z;
				ENABLE_STRICT_OBJC_MSGSEND = YES;
				ENABLE_TESTABILITY = YES;
				ENABLE_USER_SCRIPT_SANDBOXING = YES;
				GCC_C_LANGUAGE_STANDARD = gnu17;
				GCC_DYNAMIC_NO_PIC = YES;
				GCC_FAST_MATH = YES;
				GCC_NO_COMMON_BLOCKS = YES;
				GCC_OPTIMIZATION_LEVEL = 0;
				GCC_PREPROCESSOR_DEFINITIONS = (
					"DEBUG=1",
					"$(inherited)",
				);
				GCC_UNROLL_LOOPS = YES;
				GCC_WARN_64_TO_32_BIT_CONVERSION = YES;
				GCC_WARN_ABOUT_RETURN_TYPE = YES_ERROR;
				GCC_WARN_UNDECLARED_SELECTOR = YES;
				GCC_WARN_UNINITIALIZED_AUTOS = YES_AGGRESSIVE;
				GCC_WARN_UNKNOWN_PRAGMAS = YES;
				GCC_WARN_UNUSED_FUNCTION = YES;
				GCC_WARN_UNUSED_LABEL = YES;
				GCC_WARN_UNUSED_PARAMETER = NO;
				GCC_WARN_UNUSED_VARIABLE = YES;
				LLVM_LTO = YES_THIN;
				LOCALIZATION_PREFERS_STRING_CATALOGS = YES;
				MACOSX_DEPLOYMENT_TARGET = 15.2;
				MTL_ENABLE_DEBUG_INFO = INCLUDE_SOURCE;
				MTL_FAST_MATH = YES;
				ONLY_ACTIVE_ARCH = YES;
				OTHER_CPLUSPLUSFLAGS = (
					"-ffast-math",
					"-fomit-frame-pointer",
				);
				SDKROOT = macosx;
			};
			name = Debug;
		};
		371D4D662D1EBFBA0072E829 /* Release configuration for PBXProject "Roxane" */ = {
			isa = XCBuildConfiguration;
			buildSettings = {
				ALWAYS_SEARCH_USER_PATHS = NO;
				ASSETCATALOG_COMPILER_GENERATE_SWIFT_ASSET_SYMBOL_EXTENSIONS = YES;
				CLANG_ANALYZER_NONNULL = YES;
				CLANG_ANALYZER_NUMBER_OBJECT_CONVERSION = YES_AGGRESSIVE;
				CLANG_CXX_LANGUAGE_STANDARD = "gnu++17";
				CLANG_ENABLE_MODULES = YES;
				CLANG_ENABLE_OBJC_ARC = YES;
				CLANG_ENABLE_OBJC_WEAK = YES;
				CLANG_TIDY_BUGPRONE_REDUNDANT_BRANCH_CONDITION = YES;
				CLANG_TIDY_MISC_REDUNDANT_EXPRESSION = YES;
				CLANG_USE_OPTIMIZATION_PROFILE = YES;
				CLANG_WARN_BLOCK_CAPTURE_AUTORELEASING = YES;
				CLANG_WARN_BOOL_CONVERSION = YES;
				CLANG_WARN_COMMA = YES;
				CLANG_WARN_CONSTANT_CONVERSION = YES;
				CLANG_WARN_DEPRECATED_OBJC_IMPLEMENTATIONS = YES;
				CLANG_WARN_DIRECT_OBJC_ISA_USAGE = YES_ERROR;
				CLANG_WARN_DOCUMENTATION_COMMENTS = YES;
				CLANG_WARN_EMPTY_BODY = YES;
				CLANG_WARN_ENUM_CONVERSION = YES;
				CLANG_WARN_INFINITE_RECURSION = YES;
				CLANG_WARN_INT_CONVERSION = YES;
				CLANG_WARN_NON_LITERAL_NULL_CONVERSION = YES;
				CLANG_WARN_OBJC_IMPLICIT_RETAIN_SELF = YES;
				CLANG_WARN_OBJC_LITERAL_CONVERSION = YES;
				CLANG_WARN_OBJC_ROOT_CLASS = YES_ERROR;
				CLANG_WARN_QUOTED_INCLUDE_IN_FRAMEWORK_HEADER = YES;
				CLANG_WARN_RANGE_LOOP_ANALYSIS = YES;
				CLANG_WARN_STRICT_PROTOTYPES = YES;
				CLANG_WARN_SUSPICIOUS_MOVE = YES;
				CLANG_WARN_UNGUARDED_AVAILABILITY = YES_AGGRESSIVE;
				CLANG_WARN_UNREACHABLE_CODE = YES;
				CLANG_WARN__DUPLICATE_METHOD_MATCH = YES;
				COPY_PHASE_STRIP = NO;
				DEAD_CODE_STRIPPING = YES;
				DEBUG_INFORMATION_FORMAT = "dwarf-with-dsym";
				DEVELOPMENT_TEAM = 8NMHAARH6Z;
				ENABLE_NS_ASSERTIONS = NO;
				ENABLE_STRICT_OBJC_MSGSEND = YES;
				ENABLE_USER_SCRIPT_SANDBOXING = YES;
				GCC_C_LANGUAGE_STANDARD = gnu17;
				GCC_DYNAMIC_NO_PIC = YES;
				GCC_FAST_MATH = YES;
				GCC_GENERATE_DEBUGGING_SYMBOLS = NO;
				GCC_NO_COMMON_BLOCKS = YES;
				GCC_OPTIMIZATION_LEVEL = s;
				GCC_UNROLL_LOOPS = YES;
				GCC_WARN_64_TO_32_BIT_CONVERSION = YES;
				GCC_WARN_ABOUT_RETURN_TYPE = YES_ERROR;
				GCC_WARN_UNDECLARED_SELECTOR = YES;
				GCC_WARN_UNINITIALIZED_AUTOS = YES_AGGRESSIVE;
				GCC_WARN_UNKNOWN_PRAGMAS = YES;
				GCC_WARN_UNUSED_FUNCTION = YES;
				GCC_WARN_UNUSED_LABEL = YES;
				GCC_WARN_UNUSED_PARAMETER = NO;
				GCC_WARN_UNUSED_VARIABLE = YES;
				LLVM_LTO = YES_THIN;
				LOCALIZATION_PREFERS_STRING_CATALOGS = YES;
				MACOSX_DEPLOYMENT_TARGET = 15.2;
				MTL_ENABLE_DEBUG_INFO = NO;
				MTL_FAST_MATH = YES;
				ONLY_ACTIVE_ARCH = YES;
				OTHER_CPLUSPLUSFLAGS = (
					"-ffast-math",
					"-fomit-frame-pointer",
				);
				SDKROOT = macosx;
			};
			name = Release;
		};
		371D4D682D1EBFBA0072E829 /* Debug configuration for PBXNativeTarget "Roxane" */ = {
			isa = XCBuildConfiguration;
			buildSettings = {
				CLANG_USE_OPTIMIZATION_PROFILE = YES;
				CODE_SIGN_STYLE = Automatic;
				DEAD_CODE_STRIPPING = YES;
				ENABLE_HARDENED_RUNTIME = YES;
				PRODUCT_NAME = "$(TARGET_NAME)";
			};
			name = Debug;
		};
		371D4D692D1EBFBA0072E829 /* Release configuration for PBXNativeTarget "Roxane" */ = {
			isa = XCBuildConfiguration;
			buildSettings = {
				CLANG_USE_OPTIMIZATION_PROFILE = YES;
				CODE_SIGN_STYLE = Automatic;
				DEAD_CODE_STRIPPING = YES;
				ENABLE_HARDENED_RUNTIME = YES;
				LLVM_LTO = YES_THIN;
				PRODUCT_NAME = "$(TARGET_NAME)";
			};
			name = Release;
		};
/* End XCBuildConfiguration section */

/* Begin XCConfigurationList section */
		371D4D5B2D1EBFBA0072E829 /* Build configuration list for PBXProject "Roxane" */ = {
			isa = XCConfigurationList;
			buildConfigurations = (
				371D4D652D1EBFBA0072E829 /* Debug configuration for PBXProject "Roxane" */,
				371D4D662D1EBFBA0072E829 /* Release configuration for PBXProject "Roxane" */,
			);
			defaultConfigurationName = Release;
		};
		371D4D672D1EBFBA0072E829 /* Build configuration list for PBXNativeTarget "Roxane" */ = {
			isa = XCConfigurationList;
			buildConfigurations = (
				371D4D682D1EBFBA0072E829 /* Debug configuration for PBXNativeTarget "Roxane" */,
				371D4D692D1EBFBA0072E829 /* Release configuration for PBXNativeTarget "Roxane" */,
			);
			defaultConfigurationName = Release;
		};
/* End XCConfigurationList section */
	};
	rootObject = 371D4D582D1EBFBA0072E829 /* Project object */;
}
